
Microsoft Visual Studio Solution File, Format Version 12.00
# Visual Studio Version 16
VisualStudioVersion = 16.0.29911.84
MinimumVisualStudioVersion = 10.0.40219.1
Project("{888888A0-9F3D-457C-B088-3A5042F75D52}") = "wiring_cmd", "wiring_cmd\wiring_cmd.pyproj", "{EE3D23FB-5034-48D8-87DC-D1D6261E45D3}"
EndProject
Global
	GlobalSection(SolutionConfigurationPlatforms) = preSolution
		Debug|Any CPU = Debug|Any CPU
		Release|Any CPU = Release|Any CPU
	EndGlobalSection
	GlobalSection(ProjectConfigurationPlatforms) = postSolution
		{EE3D23FB-5034-48D8-87DC-D1D6261E45D3}.Debug|Any CPU.ActiveCfg = Debug|Any CPU
		{EE3D23FB-5034-48D8-87DC-D1D6261E45D3}.Release|Any CPU.ActiveCfg = Release|Any CPU
	EndGlobalSection
	GlobalSection(SolutionProperties) = preSolution
		HideSolutionNode = FALSE
	EndGlobalSection
	GlobalSection(ExtensibilityGlobals) = postSolution
		SolutionGuid = {52BDD2CF-963F-4464-B3CD-AD0DF5599B4B}
	EndGlobalSection
EndGlobal
